// !$*UTF8*$!
{
	archiveVersion = 1;
	classes = {
	};
	objectVersion = 50;
	objects = {

/* Begin PBXBuildFile section */
		38CA3D92223ADEF700CC6DDB /* AppDelegate.swift in Sources */ = {isa = PBXBuildFile; fileRef = 38CA3D91223ADEF700CC6DDB /* AppDelegate.swift */; };
		38CA3D94223ADEF700CC6DDB /* ViewController.swift in Sources */ = {isa = PBXBuildFile; fileRef = 38CA3D93223ADEF700CC6DDB /* ViewController.swift */; };
		38CA3D97223ADEF700CC6DDB /* Main.storyboard in Resources */ = {isa = PBXBuildFile; fileRef = 38CA3D95223ADEF700CC6DDB /* Main.storyboard */; };
		38CA3D99223ADEF800CC6DDB /* Assets.xcassets in Resources */ = {isa = PBXBuildFile; fileRef = 38CA3D98223ADEF800CC6DDB /* Assets.xcassets */; };
		38CA3D9C223ADEF800CC6DDB /* LaunchScreen.storyboard in Resources */ = {isa = PBXBuildFile; fileRef = 38CA3D9A223ADEF800CC6DDB /* LaunchScreen.storyboard */; };
		38CA3DA4223AEB5E00CC6DDB /* ViewController2.swift in Sources */ = {isa = PBXBuildFile; fileRef = 38CA3DA3223AEB5E00CC6DDB /* ViewController2.swift */; };
/* End PBXBuildFile section */

/* Begin PBXFileReference section */
		38CA3D8E223ADEF700CC6DDB /* miprimerAppmacos.app */ = {isa = PBXFileReference; explicitFileType = wrapper.application; includeInIndex = 0; path = miprimerAppmacos.app; sourceTree = BUILT_PRODUCTS_DIR; };
		38CA3D91223ADEF700CC6DDB /* AppDelegate.swift */ = {isa = PBXFileReference; lastKnownFileType = sourcecode.swift; path = AppDelegate.swift; sourceTree = "<group>"; };
		38CA3D93223ADEF700CC6DDB /* ViewController.swift */ = {isa = PBXFileReference; lastKnownFileType = sourcecode.swift; path = ViewController.swift; sourceTree = "<group>"; };
		38CA3D96223ADEF700CC6DDB /* Base */ = {isa = PBXFileReference; lastKnownFileType = file.storyboard; name = Base; path = Base.lproj/Main.storyboard; sourceTree = "<group>"; };
		38CA3D98223ADEF800CC6DDB /* Assets.xcassets */ = {isa = PBXFileReference; lastKnownFileType = folder.assetcatalog; path = Assets.xcassets; sourceTree = "<group>"; };
		38CA3D9B223ADEF800CC6DDB /* Base */ = {isa = PBXFileReference; lastKnownFileType = file.storyboard; name = Base; path = Base.lproj/LaunchScreen.storyboard; sourceTree = "<group>"; };
		38CA3D9D223ADEF800CC6DDB /* Info.plist */ = {isa = PBXFileReference; lastKnownFileType = text.plist.xml; path = Info.plist; sourceTree = "<group>"; };
		38CA3DA3223AEB5E00CC6DDB /* ViewController2.swift */ = {isa = PBXFileReference; lastKnownFileType = sourcecode.swift; path = ViewController2.swift; sourceTree = "<group>"; };
/* End PBXFileReference section */

/* Begin PBXFrameworksBuildPhase section */
		38CA3D8B223ADEF600CC6DDB /* Frameworks */ = {
			isa = PBXFrameworksBuildPhase;
			buildActionMask = 2147483647;
			files = (
			);
			runOnlyForDeploymentPostprocessing = 0;
		};
/* End PBXFrameworksBuildPhase section */

/* Begin PBXGroup section */
		38CA3D85223ADEF600CC6DDB = {
			isa = PBXGroup;
			children = (
				38CA3D90223ADEF700CC6DDB /* miprimerAppmacos */,
				38CA3D8F223ADEF700CC6DDB /* Products */,
			);
			sourceTree = "<group>";
		};
		38CA3D8F223ADEF700CC6DDB /* Products */ = {
			isa = PBXGroup;
			children = (
				38CA3D8E223ADEF700CC6DDB /* miprimerAppmacos.app */,
			);
			name = Products;
			sourceTree = "<group>";
		};
		38CA3D90223ADEF700CC6DDB /* miprimerAppmacos */ = {
			isa = PBXGroup;
			children = (
				38CA3D91223ADEF700CC6DDB /* AppDelegate.swift */,
				38CA3D93223ADEF700CC6DDB /* ViewController.swift */,
				38CA3DA3223AEB5E00CC6DDB /* ViewController2.swift */,
				38CA3D95223ADEF700CC6DDB /* Main.storyboard */,
				38CA3D98223ADEF800CC6DDB /* Assets.xcassets */,
				38CA3D9A223ADEF800CC6DDB /* LaunchScreen.storyboard */,
				38CA3D9D223ADEF800CC6DDB /* Info.plist */,
			);
			path = miprimerAppmacos;
			sourceTree = "<group>";
		};
/* End PBXGroup section */

/* Begin PBXNativeTarget section */
		38CA3D8D223ADEF600CC6DDB /* miprimerAppmacos */ = {
			isa = PBXNativeTarget;
			buildConfigurationList = 38CA3DA0223ADEF800CC6DDB /* Build configuration list for PBXNativeTarget "miprimerAppmacos" */;
			buildPhases = (
				38CA3D8A223ADEF600CC6DDB /* Sources */,
				38CA3D8B223ADEF600CC6DDB /* Frameworks */,
				38CA3D8C223ADEF600CC6DDB /* Resources */,
			);
			buildRules = (
			);
			dependencies = (
			);
			name = miprimerAppmacos;
			productName = miprimerAppmacos;
			productReference = 38CA3D8E223ADEF700CC6DDB /* miprimerAppmacos.app */;
			productType = "com.apple.product-type.application";
		};
/* End PBXNativeTarget section */

/* Begin PBXProject section */
		38CA3D86223ADEF600CC6DDB /* Project object */ = {
			isa = PBXProject;
			attributes = {
				LastSwiftUpdateCheck = 1010;
				LastUpgradeCheck = 1010;
				ORGANIZATIONNAME = "Carlos Alvarez";
				TargetAttributes = {
					38CA3D8D223ADEF600CC6DDB = {
						CreatedOnToolsVersion = 10.1;
					};
				};
			};
			buildConfigurationList = 38CA3D89223ADEF600CC6DDB /* Build configuration list for PBXProject "miprimerAppmacos" */;
			compatibilityVersion = "Xcode 9.3";
			developmentRegion = en;
			hasScannedForEncodings = 0;
			knownRegions = (
				en,
				Base,
			);
			mainGroup = 38CA3D85223ADEF600CC6DDB;
			productRefGroup = 38CA3D8F223ADEF700CC6DDB /* Products */;
			projectDirPath = "";
			projectRoot = "";
			targets = (
				38CA3D8D223ADEF600CC6DDB /* miprimerAppmacos */,
			);
		};
/* End PBXProject section */

/* Begin PBXResourcesBuildPhase section */
		38CA3D8C223ADEF600CC6DDB /* Resources */ = {
			isa = PBXResourcesBuildPhase;
			buildActionMask = 2147483647;
			files = (
				38CA3D9C223ADEF800CC6DDB /* LaunchScreen.storyboard in Resources */,
				38CA3D99223ADEF800CC6DDB /* Assets.xcassets in Resources */,
				38CA3D97223ADEF700CC6DDB /* Main.storyboard in Resources */,
			);
			runOnlyForDeploymentPostprocessing = 0;
		};
/* End PBXResourcesBuildPhase section */

/* Begin PBXSourcesBuildPhase section */
		38CA3D8A223ADEF600CC6DDB /* Sources */ = {
			isa = PBXSourcesBuildPhase;
			buildActionMask = 2147483647;
			files = (
				38CA3D94223ADEF700CC6DDB /* ViewController.swift in Sources */,
				38CA3D92223ADEF700CC6DDB /* AppDelegate.swift in Sources */,
				38CA3DA4223AEB5E00CC6DDB /* ViewController2.swift in Sources */,
			);
			runOnlyForDeploymentPostprocessing = 0;
		};
/* End PBXSourcesBuildPhase section */

/* Begin PBXVariantGroup section */
		38CA3D95223ADEF700CC6DDB /* Main.storyboard */ = {
			isa = PBXVariantGroup;
			children = (
				38CA3D96223ADEF700CC6DDB /* Base */,
			);
			name = Main.storyboard;
			sourceTree = "<group>";
		};
		38CA3D9A223ADEF800CC6DDB /* LaunchScreen.storyboard */ = {
			isa = PBXVariantGroup;
			children = (
				38CA3D9B223ADEF800CC6DDB /* Base */,
			);
			name = LaunchScreen.storyboard;
			sourceTree = "<group>";
		};
/* End PBXVariantGroup section */

/* Begin XCBuildConfiguration section */
		38CA3D9E223ADEF800CC6DDB /* Debug */ = {
			isa = XCBuildConfiguration;
			buildSettings = {
				ALWAYS_SEARCH_USER_PATHS = NO;
				CLANG_ANALYZER_NONNULL = YES;
				CLANG_ANALYZER_NUMBER_OBJECT_CONVERSION = YES_AGGRESSIVE;
				CLANG_CXX_LANGUAGE_STANDARD = "gnu++14";
				CLANG_CXX_LIBRARY = "libc++";
				CLANG_ENABLE_MODULES = YES;
				CLANG_ENABLE_OBJC_ARC = YES;
				CLANG_ENABLE_OBJC_WEAK = YES;
				CLANG_WARN_BLOCK_CAPTURE_AUTORELEASING = YES;
				CLANG_WARN_BOOL_CONVERSION = YES;
				CLANG_WARN_COMMA = YES;
				CLANG_WARN_CONSTANT_CONVERSION = YES;
				CLANG_WARN_DEPRECATED_OBJC_IMPLEMENTATIONS = YES;
				CLANG_WARN_DIRECT_OBJC_ISA_USAGE = YES_ERROR;
				CLANG_WARN_DOCUMENTATION_COMMENTS = YES;
				CLANG_WARN_EMPTY_BODY = YES;
				CLANG_WARN_ENUM_CONVERSION = YES;
				CLANG_WARN_INFINITE_RECURSION = YES;
				CLANG_WARN_INT_CONVERSION = YES;
				CLANG_WARN_NON_LITERAL_NULL_CONVERSION = YES;
				CLANG_WARN_OBJC_IMPLICIT_RETAIN_SELF = YES;
				CLANG_WARN_OBJC_LITERAL_CONVERSION = YES;
				CLANG_WARN_OBJC_ROOT_CLASS = YES_ERROR;
				CLANG_WARN_RANGE_LOOP_ANALYSIS = YES;
				CLANG_WARN_STRICT_PROTOTYPES = YES;
				CLANG_WARN_SUSPICIOUS_MOVE = YES;
				CLANG_WARN_UNGUARDED_AVAILABILITY = YES_AGGRESSIVE;
				CLANG_WARN_UNREACHABLE_CODE = YES;
				CLANG_WARN__DUPLICATE_METHOD_MATCH = YES;
				CODE_SIGN_IDENTITY = "iPhone Developer";
				COPY_PHASE_STRIP = NO;
				DEBUG_INFORMATION_FORMAT = dwarf;
				ENABLE_STRICT_OBJC_MSGSEND = YES;
				ENABLE_TESTABILITY = YES;
				GCC_C_LANGUAGE_STANDARD = gnu11;
				GCC_DYNAMIC_NO_PIC = NO;
				GCC_NO_COMMON_BLOCKS = YES;
				GCC_OPTIMIZATION_LEVEL = 0;
				GCC_PREPROCESSOR_DEFINITIONS = (
					"DEBUG=1",
					"$(inherited)",
				);
				GCC_WARN_64_TO_32_BIT_CONVERSION = YES;
				GCC_WARN_ABOUT_RETURN_TYPE = YES_ERROR;
				GCC_WARN_UNDECLARED_SELECTOR = YES;
				GCC_WARN_UNINITIALIZED_AUTOS = YES_AGGRESSIVE;
				GCC_WARN_UNUSED_FUNCTION = YES;
				GCC_WARN_UNUSED_VARIABLE = YES;
				IPHONEOS_DEPLOYMENT_TARGET = 12.1;
				MTL_ENABLE_DEBUG_INFO = INCLUDE_SOURCE;
				MTL_FAST_MATH = YES;
				ONLY_ACTIVE_ARCH = YES;
				SDKROOT = iphoneos;
				SWIFT_ACTIVE_COMPILATION_CONDITIONS = DEBUG;
				SWIFT_OPTIMIZATION_LEVEL = "-Onone";
			};
			name = Debug;
		};
		38CA3D9F223ADEF800CC6DDB /* Release */ = {
			isa = XCBuildConfiguration;
			buildSettings = {
				ALWAYS_SEARCH_USER_PATHS = NO;
				CLANG_ANALYZER_NONNULL = YES;
				CLANG_ANALYZER_NUMBER_OBJECT_CONVERSION = YES_AGGRESSIVE;
				CLANG_CXX_LANGUAGE_STANDARD = "gnu++14";
				CLANG_CXX_LIBRARY = "libc++";
				CLANG_ENABLE_MODULES = YES;
				CLANG_ENABLE_OBJC_ARC = YES;
				CLANG_ENABLE_OBJC_WEAK = YES;
				CLANG_WARN_BLOCK_CAPTURE_AUTORELEASING = YES;
				CLANG_WARN_BOOL_CONVERSION = YES;
				CLANG_WARN_COMMA = YES;
				CLANG_WARN_CONSTANT_CONVERSION = YES;
				CLANG_WARN_DEPRECATED_OBJC_IMPLEMENTATIONS = YES;
				CLANG_WARN_DIRECT_OBJC_ISA_USAGE = YES_ERROR;
				CLANG_WARN_DOCUMENTATION_COMMENTS = YES;
				CLANG_WARN_EMPTY_BODY = YES;
				CLANG_WARN_ENUM_CONVERSION = YES;
				CLANG_WARN_INFINITE_RECURSION = YES;
				CLANG_WARN_INT_CONVERSION = YES;
				CLANG_WARN_NON_LITERAL_NULL_CONVERSION = YES;
				CLANG_WARN_OBJC_IMPLICIT_RETAIN_SELF = YES;
				CLANG_WARN_OBJC_LITERAL_CONVERSION = YES;
				CLANG_WARN_OBJC_ROOT_CLASS = YES_ERROR;
				CLANG_WARN_RANGE_LOOP_ANALYSIS = YES;
				CLANG_WARN_STRICT_PROTOTYPES = YES;
				CLANG_WARN_SUSPICIOUS_MOVE = YES;
				CLANG_WARN_UNGUARDED_AVAILABILITY = YES_AGGRESSIVE;
				CLANG_WARN_UNREACHABLE_CODE = YES;
				CLANG_WARN__DUPLICATE_METHOD_MATCH = YES;
				CODE_SIGN_IDENTITY = "iPhone Developer";
				COPY_PHASE_STRIP = NO;
				DEBUG_INFORMATION_FORMAT = "dwarf-with-dsym";
				ENABLE_NS_ASSERTIONS = NO;
				ENABLE_STRICT_OBJC_MSGSEND = YES;
				GCC_C_LANGUAGE_STANDARD = gnu11;
				GCC_NO_COMMON_BLOCKS = YES;
				GCC_WARN_64_TO_32_BIT_CONVERSION = YES;
				GCC_WARN_ABOUT_RETURN_TYPE = YES_ERROR;
				GCC_WARN_UNDECLARED_SELECTOR = YES;
				GCC_WARN_UNINITIALIZED_AUTOS = YES_AGGRESSIVE;
				GCC_WARN_UNUSED_FUNCTION = YES;
				GCC_WARN_UNUSED_VARIABLE = YES;
				IPHONEOS_DEPLOYMENT_TARGET = 12.1;
				MTL_ENABLE_DEBUG_INFO = NO;
				MTL_FAST_MATH = YES;
				SDKROOT = iphoneos;
				SWIFT_COMPILATION_MODE = wholemodule;
				SWIFT_OPTIMIZATION_LEVEL = "-O";
				VALIDATE_PRODUCT = YES;
			};
			name = Release;
		};
		38CA3DA1223ADEF800CC6DDB /* Debug */ = {
			isa = XCBuildConfiguration;
			buildSettings = {
				ASSETCATALOG_COMPILER_APPICON_NAME = AppIcon;
				CODE_SIGN_STYLE = Automatic;
				INFOPLIST_FILE = miprimerAppmacos/Info.plist;
				LD_RUNPATH_SEARCH_PATHS = (
					"$(inherited)",
					"@executable_path/Frameworks",
				);
				PRODUCT_BUNDLE_IDENTIFIER = com.carlos.miprimerAppmacos;
				PRODUCT_NAME = "$(TARGET_NAME)";
				SWIFT_VERSION = 4.2;
				TARGETED_DEVICE_FAMILY = "1,2";
			};
			name = Debug;
		};
		38CA3DA2223ADEF800CC6DDB /* Release */ = {
			isa = XCBuildConfiguration;
			buildSettings = {
				ASSETCATALOG_COMPILER_APPICON_NAME = AppIcon;
				CODE_SIGN_STYLE = Automatic;
				INFOPLIST_FILE = miprimerAppmacos/Info.plist;
				LD_RUNPATH_SEARCH_PATHS = (
					"$(inherited)",
					"@executable_path/Frameworks",
				);
				PRODUCT_BUNDLE_IDENTIFIER = com.carlos.miprimerAppmacos;
				PRODUCT_NAME = "$(TARGET_NAME)";
				SWIFT_VERSION = 4.2;
				TARGETED_DEVICE_FAMILY = "1,2";
			};
			name = Release;
		};
/* End XCBuildConfiguration section */

/* Begin XCConfigurationList section */
		38CA3D89223ADEF600CC6DDB /* Build configuration list for PBXProject "miprimerAppmacos" */ = {
			isa = XCConfigurationList;
			buildConfigurations = (
				38CA3D9E223ADEF800CC6DDB /* Debug */,
				38CA3D9F223ADEF800CC6DDB /* Release */,
			);
			defaultConfigurationIsVisible = 0;
			defaultConfigurationName = Release;
		};
		38CA3DA0223ADEF800CC6DDB /* Build configuration list for PBXNativeTarget "miprimerAppmacos" */ = {
			isa = XCConfigurationList;
			buildConfigurations = (
				38CA3DA1223ADEF800CC6DDB /* Debug */,
				38CA3DA2223ADEF800CC6DDB /* Release */,
			);
			defaultConfigurationIsVisible = 0;
			defaultConfigurationName = Release;
		};
/* End XCConfigurationList section */
	};
	rootObject = 38CA3D86223ADEF600CC6DDB /* Project object */;
}
